{
  "name": "midaz-openapi-tooling",
  "version": "1.0.0",
  "lockfileVersion": 3,
  "requires": true,
  "packages": {
    "": {
      "name": "midaz-openapi-tooling",
      "version": "1.0.0",
      "license": "Elastic-2.0",
      "devDependencies": {
        "@redocly/cli": "^2.40.0"
      },
      "engines": {
        "node": ">=22.12.0 || >=20.19.0 <21.0.0"
      }
    },
    "node_modules/@redocly/cli": {
      "version": "2.51.1",
      "resolved": "https://registry.npmjs.org/@redocly/cli/-/cli-2.51.1.tgz",
      "integrity": "sha512-GjXcRrRsuvdXxDO88HKYHeiTdelZwxpqJn7+h6nwGcNRukSJt5G1lODuudNb9XTFRM5pStgDKpn8ylfFkHr0IQ==",
      "dev": true,
      "license": "MIT",
      "bin": {
        "openapi": "bin/cli.js",
        "redocly": "bin/cli.js"
      },
      "engines": {
        "node": ">=22.12.0 || >=20.19.0 <21.0.0",
        "npm": ">=10"
      }
    }
  }
}
